
Microsoft Visual Studio Solution File, Format Version 12.00
# Visual Studio Version 17
VisualStudioVersion = 17.14.36930.0 d17.14
MinimumVisualStudioVersion = 10.0.40219.1
Project("{FAE04EC0-301F-11D3-BF4B-00C04F79EFBC}") = "Smart_Dcument_Expiry_Alert_System", "Smart_Dcument_Expiry_Alert_System\Smart_Dcument_Expiry_Alert_System.csproj", "{508490AA-A194-48DB-8C49-D3408CFC44CE}"
EndProject
Global
	GlobalSection(SolutionConfigurationPlatforms) = preSolution
		Debug|Any CPU = Debug|Any CPU
		Release|Any CPU = Release|Any CPU
	EndGlobalSection
	GlobalSection(ProjectConfigurationPlatforms) = postSolution
		{508490AA-A194-48DB-8C49-D3408CFC44CE}.Debug|Any CPU.ActiveCfg = Debug|Any CPU
		{508490AA-A194-48DB-8C49-D3408CFC44CE}.Debug|Any CPU.Build.0 = Debug|Any CPU
		{508490AA-A194-48DB-8C49-D3408CFC44CE}.Release|Any CPU.ActiveCfg = Release|Any CPU
		{508490AA-A194-48DB-8C49-D3408CFC44CE}.Release|Any CPU.Build.0 = Release|Any CPU
	EndGlobalSection
	GlobalSection(SolutionProperties) = preSolution
		HideSolutionNode = FALSE
	EndGlobalSection
	GlobalSection(ExtensibilityGlobals) = postSolution
		SolutionGuid = {9D66B9CD-1896-4079-9A51-766DDD688A8A}
	EndGlobalSection
EndGlobal
